// !$*UTF8*$!
{
	archiveVersion = 1;
	classes = {
	};
	objectVersion = 50;
	objects = {

/* Begin PBXBuildFile section */
		C9C1FD632212B5C100715BF8 /* AppDelegate.swift in Sources */ = {isa = PBXBuildFile; fileRef = C9C1FD622212B5C100715BF8 /* AppDelegate.swift */; };
		C9C1FD652212B5C100715BF8 /* EditViewController.swift in Sources */ = {isa = PBXBuildFile; fileRef = C9C1FD642212B5C100715BF8 /* EditViewController.swift */; };
		C9C1FD682212B5C100715BF8 /* Main.storyboard in Resources */ = {isa = PBXBuildFile; fileRef = C9C1FD662212B5C100715BF8 /* Main.storyboard */; };
		C9C1FD6A2212B5C200715BF8 /* Assets.xcassets in Resources */ = {isa = PBXBuildFile; fileRef = C9C1FD692212B5C200715BF8 /* Assets.xcassets */; };
		C9C1FD6D2212B5C200715BF8 /* LaunchScreen.storyboard in Resources */ = {isa = PBXBuildFile; fileRef = C9C1FD6B2212B5C200715BF8 /* LaunchScreen.storyboard */; };
		C9FDC18022177E7600533EC2 /* Meme.swift in Sources */ = {isa = PBXBuildFile; fileRef = C9FDC17F22177E7600533EC2 /* Meme.swift */; };
		C9FDC1822217800100533EC2 /* MemeCollectionViewController.swift in Sources */ = {isa = PBXBuildFile; fileRef = C9FDC1812217800100533EC2 /* MemeCollectionViewController.swift */; };
		C9FDC1842217804000533EC2 /* MemeTableViewController.swift in Sources */ = {isa = PBXBuildFile; fileRef = C9FDC1832217804000533EC2 /* MemeTableViewController.swift */; };
		C9FDC1862217809300533EC2 /* ImageViewController.swift in Sources */ = {isa = PBXBuildFile; fileRef = C9FDC1852217809300533EC2 /* ImageViewController.swift */; };
		C9FDC18A221784D500533EC2 /* MemeCollectionViewCell.swift in Sources */ = {isa = PBXBuildFile; fileRef = C9FDC189221784D500533EC2 /* MemeCollectionViewCell.swift */; };
/* End PBXBuildFile section */

/* Begin PBXFileReference section */
		C9C1FD5F2212B5C100715BF8 /* MemeMe 2.0.app */ = {isa = PBXFileReference; explicitFileType = wrapper.application; includeInIndex = 0; path = "MemeMe 2.0.app"; sourceTree = BUILT_PRODUCTS_DIR; };
		C9C1FD622212B5C100715BF8 /* AppDelegate.swift */ = {isa = PBXFileReference; lastKnownFileType = sourcecode.swift; path = AppDelegate.swift; sourceTree = "<group>"; };
		C9C1FD642212B5C100715BF8 /* EditViewController.swift */ = {isa = PBXFileReference; lastKnownFileType = sourcecode.swift; path = EditViewController.swift; sourceTree = "<group>"; };
		C9C1FD672212B5C100715BF8 /* Base */ = {isa = PBXFileReference; lastKnownFileType = file.storyboard; name = Base; path = Base.lproj/Main.storyboard; sourceTree = "<group>"; };
		C9C1FD692212B5C200715BF8 /* Assets.xcassets */ = {isa = PBXFileReference; lastKnownFileType = folder.assetcatalog; path = Assets.xcassets; sourceTree = "<group>"; };
		C9C1FD6C2212B5C200715BF8 /* Base */ = {isa = PBXFileReference; lastKnownFileType = file.storyboard; name = Base; path = Base.lproj/LaunchScreen.storyboard; sourceTree = "<group>"; };
		C9C1FD6E2212B5C200715BF8 /* Info.plist */ = {isa = PBXFileReference; lastKnownFileType = text.plist.xml; path = Info.plist; sourceTree = "<group>"; };
		C9FDC17F22177E7600533EC2 /* Meme.swift */ = {isa = PBXFileReference; lastKnownFileType = sourcecode.swift; path = Meme.swift; sourceTree = "<group>"; };
		C9FDC1812217800100533EC2 /* MemeCollectionViewController.swift */ = {isa = PBXFileReference; lastKnownFileType = sourcecode.swift; path = MemeCollectionViewController.swift; sourceTree = "<group>"; };
		C9FDC1832217804000533EC2 /* MemeTableViewController.swift */ = {isa = PBXFileReference; lastKnownFileType = sourcecode.swift; path = MemeTableViewController.swift; sourceTree = "<group>"; };
		C9FDC1852217809300533EC2 /* ImageViewController.swift */ = {isa = PBXFileReference; lastKnownFileType = sourcecode.swift; path = ImageViewController.swift; sourceTree = "<group>"; };
		C9FDC189221784D500533EC2 /* MemeCollectionViewCell.swift */ = {isa = PBXFileReference; lastKnownFileType = sourcecode.swift; path = MemeCollectionViewCell.swift; sourceTree = "<group>"; };
/* End PBXFileReference section */

/* Begin PBXFrameworksBuildPhase section */
		C9C1FD5C2212B5C100715BF8 /* Frameworks */ = {
			isa = PBXFrameworksBuildPhase;
			buildActionMask = 2147483647;
			files = (
			);
			runOnlyForDeploymentPostprocessing = 0;
		};
/* End PBXFrameworksBuildPhase section */

/* Begin PBXGroup section */
		C9C1FD562212B5C100715BF8 = {
			isa = PBXGroup;
			children = (
				C9C1FD612212B5C100715BF8 /* MemeMe 2.0 */,
				C9C1FD602212B5C100715BF8 /* Products */,
			);
			sourceTree = "<group>";
		};
		C9C1FD602212B5C100715BF8 /* Products */ = {
			isa = PBXGroup;
			children = (
				C9C1FD5F2212B5C100715BF8 /* MemeMe 2.0.app */,
			);
			name = Products;
			sourceTree = "<group>";
		};
		C9C1FD612212B5C100715BF8 /* MemeMe 2.0 */ = {
			isa = PBXGroup;
			children = (
				C9C1FD662212B5C100715BF8 /* Main.storyboard */,
				C9C1FD622212B5C100715BF8 /* AppDelegate.swift */,
				C9C1FD642212B5C100715BF8 /* EditViewController.swift */,
				C9FDC1812217800100533EC2 /* MemeCollectionViewController.swift */,
				C9FDC189221784D500533EC2 /* MemeCollectionViewCell.swift */,
				C9FDC1832217804000533EC2 /* MemeTableViewController.swift */,
				C9FDC1852217809300533EC2 /* ImageViewController.swift */,
				C9FDC17F22177E7600533EC2 /* Meme.swift */,
				C9C1FD692212B5C200715BF8 /* Assets.xcassets */,
				C9C1FD6B2212B5C200715BF8 /* LaunchScreen.storyboard */,
				C9C1FD6E2212B5C200715BF8 /* Info.plist */,
			);
			path = "MemeMe 2.0";
			sourceTree = "<group>";
		};
/* End PBXGroup section */

/* Begin PBXNativeTarget section */
		C9C1FD5E2212B5C100715BF8 /* MemeMe 2.0 */ = {
			isa = PBXNativeTarget;
			buildConfigurationList = C9C1FD712212B5C200715BF8 /* Build configuration list for PBXNativeTarget "MemeMe 2.0" */;
			buildPhases = (
				C9C1FD5B2212B5C100715BF8 /* Sources */,
				C9C1FD5C2212B5C100715BF8 /* Frameworks */,
				C9C1FD5D2212B5C100715BF8 /* Resources */,
			);
			buildRules = (
			);
			dependencies = (
			);
			name = "MemeMe 2.0";
			productName = "Meme 1.0";
			productReference = C9C1FD5F2212B5C100715BF8 /* MemeMe 2.0.app */;
			productType = "com.apple.product-type.application";
		};
/* End PBXNativeTarget section */

/* Begin PBXProject section */
		C9C1FD572212B5C100715BF8 /* Project object */ = {
			isa = PBXProject;
			attributes = {
				LastSwiftUpdateCheck = 1010;
				LastUpgradeCheck = 1010;
				ORGANIZATIONNAME = Zeyad;
				TargetAttributes = {
					C9C1FD5E2212B5C100715BF8 = {
						CreatedOnToolsVersion = 10.1;
					};
				};
			};
			buildConfigurationList = C9C1FD5A2212B5C100715BF8 /* Build configuration list for PBXProject "MemeMe 2.0" */;
			compatibilityVersion = "Xcode 9.3";
			developmentRegion = en;
			hasScannedForEncodings = 0;
			knownRegions = (
				en,
				Base,
			);
			mainGroup = C9C1FD562212B5C100715BF8;
			productRefGroup = C9C1FD602212B5C100715BF8 /* Products */;
			projectDirPath = "";
			projectRoot = "";
			targets = (
				C9C1FD5E2212B5C100715BF8 /* MemeMe 2.0 */,
			);
		};
/* End PBXProject section */

/* Begin PBXResourcesBuildPhase section */
		C9C1FD5D2212B5C100715BF8 /* Resources */ = {
			isa = PBXResourcesBuildPhase;
			buildActionMask = 2147483647;
			files = (
				C9C1FD6D2212B5C200715BF8 /* LaunchScreen.storyboard in Resources */,
				C9C1FD6A2212B5C200715BF8 /* Assets.xcassets in Resources */,
				C9C1FD682212B5C100715BF8 /* Main.storyboard in Resources */,
			);
			runOnlyForDeploymentPostprocessing = 0;
		};
/* End PBXResourcesBuildPhase section */

/* Begin PBXSourcesBuildPhase section */
		C9C1FD5B2212B5C100715BF8 /* Sources */ = {
			isa = PBXSourcesBuildPhase;
			buildActionMask = 2147483647;
			files = (
				C9FDC1822217800100533EC2 /* MemeCollectionViewController.swift in Sources */,
				C9C1FD652212B5C100715BF8 /* EditViewController.swift in Sources */,
				C9FDC18A221784D500533EC2 /* MemeCollectionViewCell.swift in Sources */,
				C9FDC18022177E7600533EC2 /* Meme.swift in Sources */,
				C9FDC1842217804000533EC2 /* MemeTableViewController.swift in Sources */,
				C9FDC1862217809300533EC2 /* ImageViewController.swift in Sources */,
				C9C1FD632212B5C100715BF8 /* AppDelegate.swift in Sources */,
			);
			runOnlyForDeploymentPostprocessing = 0;
		};
/* End PBXSourcesBuildPhase section */

/* Begin PBXVariantGroup section */
		C9C1FD662212B5C100715BF8 /* Main.storyboard */ = {
			isa = PBXVariantGroup;
			children = (
				C9C1FD672212B5C100715BF8 /* Base */,
			);
			name = Main.storyboard;
			sourceTree = "<group>";
		};
		C9C1FD6B2212B5C200715BF8 /* LaunchScreen.storyboard */ = {
			isa = PBXVariantGroup;
			children = (
				C9C1FD6C2212B5C200715BF8 /* Base */,
			);
			name = LaunchScreen.storyboard;
			sourceTree = "<group>";
		};
/* End PBXVariantGroup section */

/* Begin XCBuildConfiguration section */
		C9C1FD6F2212B5C200715BF8 /* Debug */ = {
			isa = XCBuildConfiguration;
			buildSettings = {
				ALWAYS_SEARCH_USER_PATHS = NO;
				CLANG_ANALYZER_NONNULL = YES;
				CLANG_ANALYZER_NUMBER_OBJECT_CONVERSION = YES_AGGRESSIVE;
				CLANG_CXX_LANGUAGE_STANDARD = "gnu++14";
				CLANG_CXX_LIBRARY = "libc++";
				CLANG_ENABLE_MODULES = YES;
				CLANG_ENABLE_OBJC_ARC = YES;
				CLANG_ENABLE_OBJC_WEAK = YES;
				CLANG_WARN_BLOCK_CAPTURE_AUTORELEASING = YES;
				CLANG_WARN_BOOL_CONVERSION = YES;
				CLANG_WARN_COMMA = YES;
				CLANG_WARN_CONSTANT_CONVERSION = YES;
				CLANG_WARN_DEPRECATED_OBJC_IMPLEMENTATIONS = YES;
				CLANG_WARN_DIRECT_OBJC_ISA_USAGE = YES_ERROR;
				CLANG_WARN_DOCUMENTATION_COMMENTS = YES;
				CLANG_WARN_EMPTY_BODY = YES;
				CLANG_WARN_ENUM_CONVERSION = YES;
				CLANG_WARN_INFINITE_RECURSION = YES;
				CLANG_WARN_INT_CONVERSION = YES;
				CLANG_WARN_NON_LITERAL_NULL_CONVERSION = YES;
				CLANG_WARN_OBJC_IMPLICIT_RETAIN_SELF = YES;
				CLANG_WARN_OBJC_LITERAL_CONVERSION = YES;
				CLANG_WARN_OBJC_ROOT_CLASS = YES_ERROR;
				CLANG_WARN_RANGE_LOOP_ANALYSIS = YES;
				CLANG_WARN_STRICT_PROTOTYPES = YES;
				CLANG_WARN_SUSPICIOUS_MOVE = YES;
				CLANG_WARN_UNGUARDED_AVAILABILITY = YES_AGGRESSIVE;
				CLANG_WARN_UNREACHABLE_CODE = YES;
				CLANG_WARN__DUPLICATE_METHOD_MATCH = YES;
				CODE_SIGN_IDENTITY = "iPhone Developer";
				COPY_PHASE_STRIP = NO;
				DEBUG_INFORMATION_FORMAT = dwarf;
				ENABLE_STRICT_OBJC_MSGSEND = YES;
				ENABLE_TESTABILITY = YES;
				GCC_C_LANGUAGE_STANDARD = gnu11;
				GCC_DYNAMIC_NO_PIC = NO;
				GCC_NO_COMMON_BLOCKS = YES;
				GCC_OPTIMIZATION_LEVEL = 0;
				GCC_PREPROCESSOR_DEFINITIONS = (
					"DEBUG=1",
					"$(inherited)",
				);
				GCC_WARN_64_TO_32_BIT_CONVERSION = YES;
				GCC_WARN_ABOUT_RETURN_TYPE = YES_ERROR;
				GCC_WARN_UNDECLARED_SELECTOR = YES;
				GCC_WARN_UNINITIALIZED_AUTOS = YES_AGGRESSIVE;
				GCC_WARN_UNUSED_FUNCTION = YES;
				GCC_WARN_UNUSED_VARIABLE = YES;
				IPHONEOS_DEPLOYMENT_TARGET = 12.1;
				MTL_ENABLE_DEBUG_INFO = INCLUDE_SOURCE;
				MTL_FAST_MATH = YES;
				ONLY_ACTIVE_ARCH = YES;
				SDKROOT = iphoneos;
				SWIFT_ACTIVE_COMPILATION_CONDITIONS = DEBUG;
				SWIFT_OPTIMIZATION_LEVEL = "-Onone";
			};
			name = Debug;
		};
		C9C1FD702212B5C200715BF8 /* Release */ = {
			isa = XCBuildConfiguration;
			buildSettings = {
				ALWAYS_SEARCH_USER_PATHS = NO;
				CLANG_ANALYZER_NONNULL = YES;
				CLANG_ANALYZER_NUMBER_OBJECT_CONVERSION = YES_AGGRESSIVE;
				CLANG_CXX_LANGUAGE_STANDARD = "gnu++14";
				CLANG_CXX_LIBRARY = "libc++";
				CLANG_ENABLE_MODULES = YES;
				CLANG_ENABLE_OBJC_ARC = YES;
				CLANG_ENABLE_OBJC_WEAK = YES;
				CLANG_WARN_BLOCK_CAPTURE_AUTORELEASING = YES;
				CLANG_WARN_BOOL_CONVERSION = YES;
				CLANG_WARN_COMMA = YES;
				CLANG_WARN_CONSTANT_CONVERSION = YES;
				CLANG_WARN_DEPRECATED_OBJC_IMPLEMENTATIONS = YES;
				CLANG_WARN_DIRECT_OBJC_ISA_USAGE = YES_ERROR;
				CLANG_WARN_DOCUMENTATION_COMMENTS = YES;
				CLANG_WARN_EMPTY_BODY = YES;
				CLANG_WARN_ENUM_CONVERSION = YES;
				CLANG_WARN_INFINITE_RECURSION = YES;
				CLANG_WARN_INT_CONVERSION = YES;
				CLANG_WARN_NON_LITERAL_NULL_CONVERSION = YES;
				CLANG_WARN_OBJC_IMPLICIT_RETAIN_SELF = YES;
				CLANG_WARN_OBJC_LITERAL_CONVERSION = YES;
				CLANG_WARN_OBJC_ROOT_CLASS = YES_ERROR;
				CLANG_WARN_RANGE_LOOP_ANALYSIS = YES;
				CLANG_WARN_STRICT_PROTOTYPES = YES;
				CLANG_WARN_SUSPICIOUS_MOVE = YES;
				CLANG_WARN_UNGUARDED_AVAILABILITY = YES_AGGRESSIVE;
				CLANG_WARN_UNREACHABLE_CODE = YES;
				CLANG_WARN__DUPLICATE_METHOD_MATCH = YES;
				CODE_SIGN_IDENTITY = "iPhone Developer";
				COPY_PHASE_STRIP = NO;
				DEBUG_INFORMATION_FORMAT = "dwarf-with-dsym";
				ENABLE_NS_ASSERTIONS = NO;
				ENABLE_STRICT_OBJC_MSGSEND = YES;
				GCC_C_LANGUAGE_STANDARD = gnu11;
				GCC_NO_COMMON_BLOCKS = YES;
				GCC_WARN_64_TO_32_BIT_CONVERSION = YES;
				GCC_WARN_ABOUT_RETURN_TYPE = YES_ERROR;
				GCC_WARN_UNDECLARED_SELECTOR = YES;
				GCC_WARN_UNINITIALIZED_AUTOS = YES_AGGRESSIVE;
				GCC_WARN_UNUSED_FUNCTION = YES;
				GCC_WARN_UNUSED_VARIABLE = YES;
				IPHONEOS_DEPLOYMENT_TARGET = 12.1;
				MTL_ENABLE_DEBUG_INFO = NO;
				MTL_FAST_MATH = YES;
				SDKROOT = iphoneos;
				SWIFT_COMPILATION_MODE = wholemodule;
				SWIFT_OPTIMIZATION_LEVEL = "-O";
				VALIDATE_PRODUCT = YES;
			};
			name = Release;
		};
		C9C1FD722212B5C200715BF8 /* Debug */ = {
			isa = XCBuildConfiguration;
			buildSettings = {
				ASSETCATALOG_COMPILER_APPICON_NAME = AppIcon;
				CODE_SIGN_STYLE = Automatic;
				DEVELOPMENT_TEAM = 733KUEEJZ8;
				INFOPLIST_FILE = "$(SRCROOT)/MemeMe 2.0/Info.plist";
				LD_RUNPATH_SEARCH_PATHS = (
					"$(inherited)",
					"@executable_path/Frameworks",
				);
				PRODUCT_BUNDLE_IDENTIFIER = "com.zeyad.Meme-1-0";
				PRODUCT_NAME = "$(TARGET_NAME)";
				SWIFT_VERSION = 4.2;
				TARGETED_DEVICE_FAMILY = "1,2";
			};
			name = Debug;
		};
		C9C1FD732212B5C200715BF8 /* Release */ = {
			isa = XCBuildConfiguration;
			buildSettings = {
				ASSETCATALOG_COMPILER_APPICON_NAME = AppIcon;
				CODE_SIGN_STYLE = Automatic;
				DEVELOPMENT_TEAM = 733KUEEJZ8;
				INFOPLIST_FILE = "$(SRCROOT)/MemeMe 2.0/Info.plist";
				LD_RUNPATH_SEARCH_PATHS = (
					"$(inherited)",
					"@executable_path/Frameworks",
				);
				PRODUCT_BUNDLE_IDENTIFIER = "com.zeyad.Meme-1-0";
				PRODUCT_NAME = "$(TARGET_NAME)";
				SWIFT_VERSION = 4.2;
				TARGETED_DEVICE_FAMILY = "1,2";
			};
			name = Release;
		};
/* End XCBuildConfiguration section */

/* Begin XCConfigurationList section */
		C9C1FD5A2212B5C100715BF8 /* Build configuration list for PBXProject "MemeMe 2.0" */ = {
			isa = XCConfigurationList;
			buildConfigurations = (
				C9C1FD6F2212B5C200715BF8 /* Debug */,
				C9C1FD702212B5C200715BF8 /* Release */,
			);
			defaultConfigurationIsVisible = 0;
			defaultConfigurationName = Release;
		};
		C9C1FD712212B5C200715BF8 /* Build configuration list for PBXNativeTarget "MemeMe 2.0" */ = {
			isa = XCConfigurationList;
			buildConfigurations = (
				C9C1FD722212B5C200715BF8 /* Debug */,
				C9C1FD732212B5C200715BF8 /* Release */,
			);
			defaultConfigurationIsVisible = 0;
			defaultConfigurationName = Release;
		};
/* End XCConfigurationList section */
	};
	rootObject = C9C1FD572212B5C100715BF8 /* Project object */;
}
